
Microsoft Visual Studio Solution File, Format Version 12.00
# Visual Studio Version 17
VisualStudioVersion = 17.12.35527.113
MinimumVisualStudioVersion = 10.0.40219.1
Project("{8BC9CEB8-8B4A-11D0-8D11-00A0C91BC942}") = "loader", "loader\loader.vcxproj", "{5C9BBED5-B5AB-41CF-AE91-41FEFEC21342}"
EndProject
Project("{8BC9CEB8-8B4A-11D0-8D11-00A0C91BC942}") = "StringObfuscator", "StringObfuscator\StringObfuscator.vcxproj", "{D4851B25-3BC6-4C33-A343-2321965E3709}"
EndProject
Project("{8BC9CEB8-8B4A-11D0-8D11-00A0C91BC942}") = "test", "test\test.vcxproj", "{1D8CA0AD-99B3-4E6E-9402-C9E0D6416D78}"
EndProject
Project("{8BC9CEB8-8B4A-11D0-8D11-00A0C91BC942}") = "thread_payload", "thread_payload\thread_payload.vcxproj", "{C9E30249-CF72-4656-B546-3393440009D2}"
EndProject
Project("{8BC9CEB8-8B4A-11D0-8D11-00A0C91BC942}") = "test_direct_syscall", "test_direct_syscall\test_direct_syscall.vcxproj", "{5B693AEE-230A-40FB-95CA-21B1530A76DD}"
EndProject
Project("{8BC9CEB8-8B4A-11D0-8D11-00A0C91BC942}") = "entropy_remove", "entropy_remove\entropy_remove.vcxproj", "{B9C211E8-4E38-4379-9DFC-6F3DEFBD651B}"
EndProject
Global
	GlobalSection(SolutionConfigurationPlatforms) = preSolution
		Debug|x64 = Debug|x64
		Debug|x86 = Debug|x86
		Release|x64 = Release|x64
		Release|x86 = Release|x86
	EndGlobalSection
	GlobalSection(ProjectConfigurationPlatforms) = postSolution
		{5C9BBED5-B5AB-41CF-AE91-41FEFEC21342}.Debug|x64.ActiveCfg = Debug|x64
		{5C9BBED5-B5AB-41CF-AE91-41FEFEC21342}.Debug|x64.Build.0 = Debug|x64
		{5C9BBED5-B5AB-41CF-AE91-41FEFEC21342}.Debug|x86.ActiveCfg = Debug|Win32
		{5C9BBED5-B5AB-41CF-AE91-41FEFEC21342}.Debug|x86.Build.0 = Debug|Win32
		{5C9BBED5-B5AB-41CF-AE91-41FEFEC21342}.Release|x64.ActiveCfg = Release|x64
		{5C9BBED5-B5AB-41CF-AE91-41FEFEC21342}.Release|x64.Build.0 = Release|x64
		{5C9BBED5-B5AB-41CF-AE91-41FEFEC21342}.Release|x86.ActiveCfg = Release|Win32
		{5C9BBED5-B5AB-41CF-AE91-41FEFEC21342}.Release|x86.Build.0 = Release|Win32
		{D4851B25-3BC6-4C33-A343-2321965E3709}.Debug|x64.ActiveCfg = Debug|x64
		{D4851B25-3BC6-4C33-A343-2321965E3709}.Debug|x64.Build.0 = Debug|x64
		{D4851B25-3BC6-4C33-A343-2321965E3709}.Debug|x86.ActiveCfg = Debug|Win32
		{D4851B25-3BC6-4C33-A343-2321965E3709}.Debug|x86.Build.0 = Debug|Win32
		{D4851B25-3BC6-4C33-A343-2321965E3709}.Release|x64.ActiveCfg = Release|x64
		{D4851B25-3BC6-4C33-A343-2321965E3709}.Release|x64.Build.0 = Release|x64
		{D4851B25-3BC6-4C33-A343-2321965E3709}.Release|x86.ActiveCfg = Release|Win32
		{D4851B25-3BC6-4C33-A343-2321965E3709}.Release|x86.Build.0 = Release|Win32
		{1D8CA0AD-99B3-4E6E-9402-C9E0D6416D78}.Debug|x64.ActiveCfg = Debug|x64
		{1D8CA0AD-99B3-4E6E-9402-C9E0D6416D78}.Debug|x64.Build.0 = Debug|x64
		{1D8CA0AD-99B3-4E6E-9402-C9E0D6416D78}.Debug|x86.ActiveCfg = Debug|Win32
		{1D8CA0AD-99B3-4E6E-9402-C9E0D6416D78}.Debug|x86.Build.0 = Debug|Win32
		{1D8CA0AD-99B3-4E6E-9402-C9E0D6416D78}.Release|x64.ActiveCfg = Release|x64
		{1D8CA0AD-99B3-4E6E-9402-C9E0D6416D78}.Release|x64.Build.0 = Release|x64
		{1D8CA0AD-99B3-4E6E-9402-C9E0D6416D78}.Release|x86.ActiveCfg = Release|Win32
		{1D8CA0AD-99B3-4E6E-9402-C9E0D6416D78}.Release|x86.Build.0 = Release|Win32
		{C9E30249-CF72-4656-B546-3393440009D2}.Debug|x64.ActiveCfg = Debug|x64
		{C9E30249-CF72-4656-B546-3393440009D2}.Debug|x64.Build.0 = Debug|x64
		{C9E30249-CF72-4656-B546-3393440009D2}.Debug|x86.ActiveCfg = Debug|Win32
		{C9E30249-CF72-4656-B546-3393440009D2}.Debug|x86.Build.0 = Debug|Win32
		{C9E30249-CF72-4656-B546-3393440009D2}.Release|x64.ActiveCfg = Release|x64
		{C9E30249-CF72-4656-B546-3393440009D2}.Release|x64.Build.0 = Release|x64
		{C9E30249-CF72-4656-B546-3393440009D2}.Release|x86.ActiveCfg = Release|Win32
		{C9E30249-CF72-4656-B546-3393440009D2}.Release|x86.Build.0 = Release|Win32
		{5B693AEE-230A-40FB-95CA-21B1530A76DD}.Debug|x64.ActiveCfg = Debug|x64
		{5B693AEE-230A-40FB-95CA-21B1530A76DD}.Debug|x64.Build.0 = Debug|x64
		{5B693AEE-230A-40FB-95CA-21B1530A76DD}.Debug|x86.ActiveCfg = Debug|Win32
		{5B693AEE-230A-40FB-95CA-21B1530A76DD}.Debug|x86.Build.0 = Debug|Win32
		{5B693AEE-230A-40FB-95CA-21B1530A76DD}.Release|x64.ActiveCfg = Release|x64
		{5B693AEE-230A-40FB-95CA-21B1530A76DD}.Release|x64.Build.0 = Release|x64
		{5B693AEE-230A-40FB-95CA-21B1530A76DD}.Release|x86.ActiveCfg = Release|Win32
		{5B693AEE-230A-40FB-95CA-21B1530A76DD}.Release|x86.Build.0 = Release|Win32
		{B9C211E8-4E38-4379-9DFC-6F3DEFBD651B}.Debug|x64.ActiveCfg = Debug|x64
		{B9C211E8-4E38-4379-9DFC-6F3DEFBD651B}.Debug|x64.Build.0 = Debug|x64
		{B9C211E8-4E38-4379-9DFC-6F3DEFBD651B}.Debug|x86.ActiveCfg = Debug|Win32
		{B9C211E8-4E38-4379-9DFC-6F3DEFBD651B}.Debug|x86.Build.0 = Debug|Win32
		{B9C211E8-4E38-4379-9DFC-6F3DEFBD651B}.Release|x64.ActiveCfg = Release|x64
		{B9C211E8-4E38-4379-9DFC-6F3DEFBD651B}.Release|x64.Build.0 = Release|x64
		{B9C211E8-4E38-4379-9DFC-6F3DEFBD651B}.Release|x86.ActiveCfg = Release|Win32
		{B9C211E8-4E38-4379-9DFC-6F3DEFBD651B}.Release|x86.Build.0 = Release|Win32
	EndGlobalSection
	GlobalSection(SolutionProperties) = preSolution
		HideSolutionNode = FALSE
	EndGlobalSection
	GlobalSection(ExtensibilityGlobals) = postSolution
		SolutionGuid = {06DEC1D8-FC5F-40AB-B8B2-FD7CF919FD40}
	EndGlobalSection
EndGlobal
